
Microsoft Visual Studio Solution File, Format Version 12.00
# Visual Studio Version 17
VisualStudioVersion = 17.6.33829.357
MinimumVisualStudioVersion = 10.0.40219.1
Project("{9A19103F-16F7-4668-BE54-9A1E7A4F7556}") = "Singleton", "Singleton\Singleton.csproj", "{16CF2F81-50DA-4609-9479-0D31DA8E8CFE}"
EndProject
Project("{9A19103F-16F7-4668-BE54-9A1E7A4F7556}") = "FactoryMethod", "FactoryMethod\FactoryMethod.csproj", "{0BEAAC8E-7B78-42BC-AE63-F2889567D416}"
EndProject
Project("{9A19103F-16F7-4668-BE54-9A1E7A4F7556}") = "AbstractFactory", "AbstractFactory\AbstractFactory.csproj", "{01C247D7-B08D-498F-9A9B-3C023EA8B6B7}"
EndProject
Project("{9A19103F-16F7-4668-BE54-9A1E7A4F7556}") = "Builder", "Builder\Builder.csproj", "{F91E6B47-6212-4E85-92E9-07B5CB5D2EF9}"
EndProject
Project("{9A19103F-16F7-4668-BE54-9A1E7A4F7556}") = "Prototype", "Prototype\Prototype.csproj", "{5F1358F2-0638-4500-9B4A-C00072327798}"
EndProject
Project("{9A19103F-16F7-4668-BE54-9A1E7A4F7556}") = "Adapter", "Adapter\Adapter.csproj", "{0E0A0521-AF60-4604-BFF8-ECD6ECC08C9E}"
EndProject
Project("{9A19103F-16F7-4668-BE54-9A1E7A4F7556}") = "Bridge", "Bridge\Bridge.csproj", "{3BB2034A-6AED-41DD-8110-49EF6C85B3FF}"
EndProject
Project("{2150E333-8FDC-42A3-9474-1A3956D46DE8}") = "Creational", "Creational", "{02702C35-E59C-4675-A924-897B777FE0FE}"
EndProject
Project("{2150E333-8FDC-42A3-9474-1A3956D46DE8}") = "Structural", "Structural", "{7226656A-96A6-44BA-9235-7FCEFBBB9420}"
EndProject
Project("{9A19103F-16F7-4668-BE54-9A1E7A4F7556}") = "Decorator", "Decorator\Decorator.csproj", "{711AF260-4030-46DD-987A-5D3861B8660D}"
EndProject
Project("{9A19103F-16F7-4668-BE54-9A1E7A4F7556}") = "Composite", "Composite\Composite.csproj", "{20C285D3-CB22-405B-9D51-B824C7545C54}"
EndProject
Project("{9A19103F-16F7-4668-BE54-9A1E7A4F7556}") = "Facade", "Facade\Facade.csproj", "{8510144D-A6B7-48F2-AA70-C7127DFCEC37}"
EndProject
Project("{9A19103F-16F7-4668-BE54-9A1E7A4F7556}") = "Proxy", "Proxy\Proxy.csproj", "{BFB669C0-4CEF-4FEC-AB29-05E6A8D4848F}"
EndProject
Project("{9A19103F-16F7-4668-BE54-9A1E7A4F7556}") = "FlyWeight", "FlyWeight\FlyWeight.csproj", "{72D74DA8-826F-4234-BC5F-8D964CD2EF33}"
EndProject
Project("{2150E333-8FDC-42A3-9474-1A3956D46DE8}") = "Behavioral", "Behavioral", "{A24A1BA5-D951-40C5-8DCF-44B2D42BCA1C}"
EndProject
Project("{9A19103F-16F7-4668-BE54-9A1E7A4F7556}") = "TemplateMethod", "TemplateMethod\TemplateMethod.csproj", "{203FCE6D-C451-4A75-B133-6E68EEA77859}"
EndProject
Project("{9A19103F-16F7-4668-BE54-9A1E7A4F7556}") = "Strategy", "Strategy\Strategy.csproj", "{AFDDE78A-3A1E-4A99-8652-FEC5E8D46DFD}"
EndProject
Project("{9A19103F-16F7-4668-BE54-9A1E7A4F7556}") = "Command", "Command\Command.csproj", "{892F518F-68BB-4479-A890-FE11D5E6F8C0}"
EndProject
Project("{9A19103F-16F7-4668-BE54-9A1E7A4F7556}") = "Memento", "Memento\Memento.csproj", "{F65E6BF6-EA44-4034-838D-9AE147B4EDE2}"
EndProject
Project("{9A19103F-16F7-4668-BE54-9A1E7A4F7556}") = "Mediator", "Mediator\Mediator.csproj", "{08A7FDBA-6D77-48A2-874F-00297FBDD379}"
EndProject
Project("{9A19103F-16F7-4668-BE54-9A1E7A4F7556}") = "ChainOfResponsibility", "ChainOfResponsibility\ChainOfResponsibility.csproj", "{F8BEB875-15F4-4765-923A-965C54EFFEEF}"
EndProject
Project("{FAE04EC0-301F-11D3-BF4B-00C04F79EFBC}") = "State", "State\State.csproj", "{8981891F-6E03-4A24-896C-E9672DD2A5C9}"
EndProject
Global
	GlobalSection(SolutionConfigurationPlatforms) = preSolution
		Debug|Any CPU = Debug|Any CPU
		Release|Any CPU = Release|Any CPU
	EndGlobalSection
	GlobalSection(ProjectConfigurationPlatforms) = postSolution
		{16CF2F81-50DA-4609-9479-0D31DA8E8CFE}.Debug|Any CPU.ActiveCfg = Debug|Any CPU
		{16CF2F81-50DA-4609-9479-0D31DA8E8CFE}.Debug|Any CPU.Build.0 = Debug|Any CPU
		{16CF2F81-50DA-4609-9479-0D31DA8E8CFE}.Release|Any CPU.ActiveCfg = Release|Any CPU
		{16CF2F81-50DA-4609-9479-0D31DA8E8CFE}.Release|Any CPU.Build.0 = Release|Any CPU
		{0BEAAC8E-7B78-42BC-AE63-F2889567D416}.Debug|Any CPU.ActiveCfg = Debug|Any CPU
		{0BEAAC8E-7B78-42BC-AE63-F2889567D416}.Debug|Any CPU.Build.0 = Debug|Any CPU
		{0BEAAC8E-7B78-42BC-AE63-F2889567D416}.Release|Any CPU.ActiveCfg = Release|Any CPU
		{0BEAAC8E-7B78-42BC-AE63-F2889567D416}.Release|Any CPU.Build.0 = Release|Any CPU
		{01C247D7-B08D-498F-9A9B-3C023EA8B6B7}.Debug|Any CPU.ActiveCfg = Debug|Any CPU
		{01C247D7-B08D-498F-9A9B-3C023EA8B6B7}.Debug|Any CPU.Build.0 = Debug|Any CPU
		{01C247D7-B08D-498F-9A9B-3C023EA8B6B7}.Release|Any CPU.ActiveCfg = Release|Any CPU
		{01C247D7-B08D-498F-9A9B-3C023EA8B6B7}.Release|Any CPU.Build.0 = Release|Any CPU
		{F91E6B47-6212-4E85-92E9-07B5CB5D2EF9}.Debug|Any CPU.ActiveCfg = Debug|Any CPU
		{F91E6B47-6212-4E85-92E9-07B5CB5D2EF9}.Debug|Any CPU.Build.0 = Debug|Any CPU
		{F91E6B47-6212-4E85-92E9-07B5CB5D2EF9}.Release|Any CPU.ActiveCfg = Release|Any CPU
		{F91E6B47-6212-4E85-92E9-07B5CB5D2EF9}.Release|Any CPU.Build.0 = Release|Any CPU
		{5F1358F2-0638-4500-9B4A-C00072327798}.Debug|Any CPU.ActiveCfg = Debug|Any CPU
		{5F1358F2-0638-4500-9B4A-C00072327798}.Debug|Any CPU.Build.0 = Debug|Any CPU
		{5F1358F2-0638-4500-9B4A-C00072327798}.Release|Any CPU.ActiveCfg = Release|Any CPU
		{5F1358F2-0638-4500-9B4A-C00072327798}.Release|Any CPU.Build.0 = Release|Any CPU
		{0E0A0521-AF60-4604-BFF8-ECD6ECC08C9E}.Debug|Any CPU.ActiveCfg = Debug|Any CPU
		{0E0A0521-AF60-4604-BFF8-ECD6ECC08C9E}.Debug|Any CPU.Build.0 = Debug|Any CPU
		{0E0A0521-AF60-4604-BFF8-ECD6ECC08C9E}.Release|Any CPU.ActiveCfg = Release|Any CPU
		{0E0A0521-AF60-4604-BFF8-ECD6ECC08C9E}.Release|Any CPU.Build.0 = Release|Any CPU
		{3BB2034A-6AED-41DD-8110-49EF6C85B3FF}.Debug|Any CPU.ActiveCfg = Debug|Any CPU
		{3BB2034A-6AED-41DD-8110-49EF6C85B3FF}.Debug|Any CPU.Build.0 = Debug|Any CPU
		{3BB2034A-6AED-41DD-8110-49EF6C85B3FF}.Release|Any CPU.ActiveCfg = Release|Any CPU
		{3BB2034A-6AED-41DD-8110-49EF6C85B3FF}.Release|Any CPU.Build.0 = Release|Any CPU
		{711AF260-4030-46DD-987A-5D3861B8660D}.Debug|Any CPU.ActiveCfg = Debug|Any CPU
		{711AF260-4030-46DD-987A-5D3861B8660D}.Debug|Any CPU.Build.0 = Debug|Any CPU
		{711AF260-4030-46DD-987A-5D3861B8660D}.Release|Any CPU.ActiveCfg = Release|Any CPU
		{711AF260-4030-46DD-987A-5D3861B8660D}.Release|Any CPU.Build.0 = Release|Any CPU
		{20C285D3-CB22-405B-9D51-B824C7545C54}.Debug|Any CPU.ActiveCfg = Debug|Any CPU
		{20C285D3-CB22-405B-9D51-B824C7545C54}.Debug|Any CPU.Build.0 = Debug|Any CPU
		{20C285D3-CB22-405B-9D51-B824C7545C54}.Release|Any CPU.ActiveCfg = Release|Any CPU
		{20C285D3-CB22-405B-9D51-B824C7545C54}.Release|Any CPU.Build.0 = Release|Any CPU
		{8510144D-A6B7-48F2-AA70-C7127DFCEC37}.Debug|Any CPU.ActiveCfg = Debug|Any CPU
		{8510144D-A6B7-48F2-AA70-C7127DFCEC37}.Debug|Any CPU.Build.0 = Debug|Any CPU
		{8510144D-A6B7-48F2-AA70-C7127DFCEC37}.Release|Any CPU.ActiveCfg = Release|Any CPU
		{8510144D-A6B7-48F2-AA70-C7127DFCEC37}.Release|Any CPU.Build.0 = Release|Any CPU
		{BFB669C0-4CEF-4FEC-AB29-05E6A8D4848F}.Debug|Any CPU.ActiveCfg = Debug|Any CPU
		{BFB669C0-4CEF-4FEC-AB29-05E6A8D4848F}.Debug|Any CPU.Build.0 = Debug|Any CPU
		{BFB669C0-4CEF-4FEC-AB29-05E6A8D4848F}.Release|Any CPU.ActiveCfg = Release|Any CPU
		{BFB669C0-4CEF-4FEC-AB29-05E6A8D4848F}.Release|Any CPU.Build.0 = Release|Any CPU
		{72D74DA8-826F-4234-BC5F-8D964CD2EF33}.Debug|Any CPU.ActiveCfg = Debug|Any CPU
		{72D74DA8-826F-4234-BC5F-8D964CD2EF33}.Debug|Any CPU.Build.0 = Debug|Any CPU
		{72D74DA8-826F-4234-BC5F-8D964CD2EF33}.Release|Any CPU.ActiveCfg = Release|Any CPU
		{72D74DA8-826F-4234-BC5F-8D964CD2EF33}.Release|Any CPU.Build.0 = Release|Any CPU
		{203FCE6D-C451-4A75-B133-6E68EEA77859}.Debug|Any CPU.ActiveCfg = Debug|Any CPU
		{203FCE6D-C451-4A75-B133-6E68EEA77859}.Debug|Any CPU.Build.0 = Debug|Any CPU
		{203FCE6D-C451-4A75-B133-6E68EEA77859}.Release|Any CPU.ActiveCfg = Release|Any CPU
		{203FCE6D-C451-4A75-B133-6E68EEA77859}.Release|Any CPU.Build.0 = Release|Any CPU
		{AFDDE78A-3A1E-4A99-8652-FEC5E8D46DFD}.Debug|Any CPU.ActiveCfg = Debug|Any CPU
		{AFDDE78A-3A1E-4A99-8652-FEC5E8D46DFD}.Debug|Any CPU.Build.0 = Debug|Any CPU
		{AFDDE78A-3A1E-4A99-8652-FEC5E8D46DFD}.Release|Any CPU.ActiveCfg = Release|Any CPU
		{AFDDE78A-3A1E-4A99-8652-FEC5E8D46DFD}.Release|Any CPU.Build.0 = Release|Any CPU
		{892F518F-68BB-4479-A890-FE11D5E6F8C0}.Debug|Any CPU.ActiveCfg = Debug|Any CPU
		{892F518F-68BB-4479-A890-FE11D5E6F8C0}.Debug|Any CPU.Build.0 = Debug|Any CPU
		{892F518F-68BB-4479-A890-FE11D5E6F8C0}.Release|Any CPU.ActiveCfg = Release|Any CPU
		{892F518F-68BB-4479-A890-FE11D5E6F8C0}.Release|Any CPU.Build.0 = Release|Any CPU
		{F65E6BF6-EA44-4034-838D-9AE147B4EDE2}.Debug|Any CPU.ActiveCfg = Debug|Any CPU
		{F65E6BF6-EA44-4034-838D-9AE147B4EDE2}.Debug|Any CPU.Build.0 = Debug|Any CPU
		{F65E6BF6-EA44-4034-838D-9AE147B4EDE2}.Release|Any CPU.ActiveCfg = Release|Any CPU
		{F65E6BF6-EA44-4034-838D-9AE147B4EDE2}.Release|Any CPU.Build.0 = Release|Any CPU
		{08A7FDBA-6D77-48A2-874F-00297FBDD379}.Debug|Any CPU.ActiveCfg = Debug|Any CPU
		{08A7FDBA-6D77-48A2-874F-00297FBDD379}.Debug|Any CPU.Build.0 = Debug|Any CPU
		{08A7FDBA-6D77-48A2-874F-00297FBDD379}.Release|Any CPU.ActiveCfg = Release|Any CPU
		{08A7FDBA-6D77-48A2-874F-00297FBDD379}.Release|Any CPU.Build.0 = Release|Any CPU
		{F8BEB875-15F4-4765-923A-965C54EFFEEF}.Debug|Any CPU.ActiveCfg = Debug|Any CPU
		{F8BEB875-15F4-4765-923A-965C54EFFEEF}.Debug|Any CPU.Build.0 = Debug|Any CPU
		{F8BEB875-15F4-4765-923A-965C54EFFEEF}.Release|Any CPU.ActiveCfg = Release|Any CPU
		{F8BEB875-15F4-4765-923A-965C54EFFEEF}.Release|Any CPU.Build.0 = Release|Any CPU
		{8981891F-6E03-4A24-896C-E9672DD2A5C9}.Debug|Any CPU.ActiveCfg = Debug|Any CPU
		{8981891F-6E03-4A24-896C-E9672DD2A5C9}.Debug|Any CPU.Build.0 = Debug|Any CPU
		{8981891F-6E03-4A24-896C-E9672DD2A5C9}.Release|Any CPU.ActiveCfg = Release|Any CPU
		{8981891F-6E03-4A24-896C-E9672DD2A5C9}.Release|Any CPU.Build.0 = Release|Any CPU
	EndGlobalSection
	GlobalSection(SolutionProperties) = preSolution
		HideSolutionNode = FALSE
	EndGlobalSection
	GlobalSection(NestedProjects) = preSolution
		{16CF2F81-50DA-4609-9479-0D31DA8E8CFE} = {02702C35-E59C-4675-A924-897B777FE0FE}
		{0BEAAC8E-7B78-42BC-AE63-F2889567D416} = {02702C35-E59C-4675-A924-897B777FE0FE}
		{01C247D7-B08D-498F-9A9B-3C023EA8B6B7} = {02702C35-E59C-4675-A924-897B777FE0FE}
		{F91E6B47-6212-4E85-92E9-07B5CB5D2EF9} = {02702C35-E59C-4675-A924-897B777FE0FE}
		{5F1358F2-0638-4500-9B4A-C00072327798} = {02702C35-E59C-4675-A924-897B777FE0FE}
		{0E0A0521-AF60-4604-BFF8-ECD6ECC08C9E} = {7226656A-96A6-44BA-9235-7FCEFBBB9420}
		{3BB2034A-6AED-41DD-8110-49EF6C85B3FF} = {7226656A-96A6-44BA-9235-7FCEFBBB9420}
		{711AF260-4030-46DD-987A-5D3861B8660D} = {7226656A-96A6-44BA-9235-7FCEFBBB9420}
		{20C285D3-CB22-405B-9D51-B824C7545C54} = {7226656A-96A6-44BA-9235-7FCEFBBB9420}
		{8510144D-A6B7-48F2-AA70-C7127DFCEC37} = {7226656A-96A6-44BA-9235-7FCEFBBB9420}
		{BFB669C0-4CEF-4FEC-AB29-05E6A8D4848F} = {7226656A-96A6-44BA-9235-7FCEFBBB9420}
		{72D74DA8-826F-4234-BC5F-8D964CD2EF33} = {7226656A-96A6-44BA-9235-7FCEFBBB9420}
		{203FCE6D-C451-4A75-B133-6E68EEA77859} = {A24A1BA5-D951-40C5-8DCF-44B2D42BCA1C}
		{AFDDE78A-3A1E-4A99-8652-FEC5E8D46DFD} = {A24A1BA5-D951-40C5-8DCF-44B2D42BCA1C}
		{892F518F-68BB-4479-A890-FE11D5E6F8C0} = {A24A1BA5-D951-40C5-8DCF-44B2D42BCA1C}
		{F65E6BF6-EA44-4034-838D-9AE147B4EDE2} = {A24A1BA5-D951-40C5-8DCF-44B2D42BCA1C}
		{08A7FDBA-6D77-48A2-874F-00297FBDD379} = {A24A1BA5-D951-40C5-8DCF-44B2D42BCA1C}
		{F8BEB875-15F4-4765-923A-965C54EFFEEF} = {A24A1BA5-D951-40C5-8DCF-44B2D42BCA1C}
		{8981891F-6E03-4A24-896C-E9672DD2A5C9} = {A24A1BA5-D951-40C5-8DCF-44B2D42BCA1C}
	EndGlobalSection
	GlobalSection(ExtensibilityGlobals) = postSolution
		SolutionGuid = {84F4E8D9-B7A6-4465-A6E0-487B660A7CB4}
	EndGlobalSection
EndGlobal
