
Microsoft Visual Studio Solution File, Format Version 12.00
# Visual Studio Version 17
VisualStudioVersion = 17.6.33829.357
MinimumVisualStudioVersion = 10.0.40219.1
Project("{9A19103F-16F7-4668-BE54-9A1E7A4F7556}") = "Singleton", "Singleton\Singleton.csproj", "{16CF2F81-50DA-4609-9479-0D31DA8E8CFE}"
EndProject
Project("{9A19103F-16F7-4668-BE54-9A1E7A4F7556}") = "FactoryMethod", "FactoryMethod\FactoryMethod.csproj", "{0BEAAC8E-7B78-42BC-AE63-F2889567D416}"
EndProject
Project("{9A19103F-16F7-4668-BE54-9A1E7A4F7556}") = "AbstractFactory", "AbstractFactory\AbstractFactory.csproj", "{01C247D7-B08D-498F-9A9B-3C023EA8B6B7}"
EndProject
Project("{9A19103F-16F7-4668-BE54-9A1E7A4F7556}") = "Builder", "Builder\Builder.csproj", "{F91E6B47-6212-4E85-92E9-07B5CB5D2EF9}"
EndProject
Project("{9A19103F-16F7-4668-BE54-9A1E7A4F7556}") = "Prototype", "Prototype\Prototype.csproj", "{5F1358F2-0638-4500-9B4A-C00072327798}"
EndProject
Project("{9A19103F-16F7-4668-BE54-9A1E7A4F7556}") = "Adapter", "Adapter\Adapter.csproj", "{0E0A0521-AF60-4604-BFF8-ECD6ECC08C9E}"
EndProject
Project("{9A19103F-16F7-4668-BE54-9A1E7A4F7556}") = "Bridge", "Bridge\Bridge.csproj", "{3BB2034A-6AED-41DD-8110-49EF6C85B3FF}"
EndProject
Project("{2150E333-8FDC-42A3-9474-1A3956D46DE8}") = "Creational", "Creational", "{02702C35-E59C-4675-A924-897B777FE0FE}"
EndProject
Project("{2150E333-8FDC-42A3-9474-1A3956D46DE8}") = "Structural", "Structural", "{7226656A-96A6-44BA-9235-7FCEFBBB9420}"
EndProject
Project("{9A19103F-16F7-4668-BE54-9A1E7A4F7556}") = "Decorator", "Decorator\Decorator.csproj", "{711AF260-4030-46DD-987A-5D3861B8660D}"
EndProject
Project("{9A19103F-16F7-4668-BE54-9A1E7A4F7556}") = "Composite", "Composite\Composite.csproj", "{20C285D3-CB22-405B-9D51-B824C7545C54}"
EndProject
Project("{FAE04EC0-301F-11D3-BF4B-00C04F79EFBC}") = "Facade", "Facade\Facade.csproj", "{8510144D-A6B7-48F2-AA70-C7127DFCEC37}"
EndProject
Global
	GlobalSection(SolutionConfigurationPlatforms) = preSolution
		Debug|Any CPU = Debug|Any CPU
		Release|Any CPU = Release|Any CPU
	EndGlobalSection
	GlobalSection(ProjectConfigurationPlatforms) = postSolution
		{16CF2F81-50DA-4609-9479-0D31DA8E8CFE}.Debug|Any CPU.ActiveCfg = Debug|Any CPU
		{16CF2F81-50DA-4609-9479-0D31DA8E8CFE}.Debug|Any CPU.Build.0 = Debug|Any CPU
		{16CF2F81-50DA-4609-9479-0D31DA8E8CFE}.Release|Any CPU.ActiveCfg = Release|Any CPU
		{16CF2F81-50DA-4609-9479-0D31DA8E8CFE}.Release|Any CPU.Build.0 = Release|Any CPU
		{0BEAAC8E-7B78-42BC-AE63-F2889567D416}.Debug|Any CPU.ActiveCfg = Debug|Any CPU
		{0BEAAC8E-7B78-42BC-AE63-F2889567D416}.Debug|Any CPU.Build.0 = Debug|Any CPU
		{0BEAAC8E-7B78-42BC-AE63-F2889567D416}.Release|Any CPU.ActiveCfg = Release|Any CPU
		{0BEAAC8E-7B78-42BC-AE63-F2889567D416}.Release|Any CPU.Build.0 = Release|Any CPU
		{01C247D7-B08D-498F-9A9B-3C023EA8B6B7}.Debug|Any CPU.ActiveCfg = Debug|Any CPU
		{01C247D7-B08D-498F-9A9B-3C023EA8B6B7}.Debug|Any CPU.Build.0 = Debug|Any CPU
		{01C247D7-B08D-498F-9A9B-3C023EA8B6B7}.Release|Any CPU.ActiveCfg = Release|Any CPU
		{01C247D7-B08D-498F-9A9B-3C023EA8B6B7}.Release|Any CPU.Build.0 = Release|Any CPU
		{F91E6B47-6212-4E85-92E9-07B5CB5D2EF9}.Debug|Any CPU.ActiveCfg = Debug|Any CPU
		{F91E6B47-6212-4E85-92E9-07B5CB5D2EF9}.Debug|Any CPU.Build.0 = Debug|Any CPU
		{F91E6B47-6212-4E85-92E9-07B5CB5D2EF9}.Release|Any CPU.ActiveCfg = Release|Any CPU
		{F91E6B47-6212-4E85-92E9-07B5CB5D2EF9}.Release|Any CPU.Build.0 = Release|Any CPU
		{5F1358F2-0638-4500-9B4A-C00072327798}.Debug|Any CPU.ActiveCfg = Debug|Any CPU
		{5F1358F2-0638-4500-9B4A-C00072327798}.Debug|Any CPU.Build.0 = Debug|Any CPU
		{5F1358F2-0638-4500-9B4A-C00072327798}.Release|Any CPU.ActiveCfg = Release|Any CPU
		{5F1358F2-0638-4500-9B4A-C00072327798}.Release|Any CPU.Build.0 = Release|Any CPU
		{0E0A0521-AF60-4604-BFF8-ECD6ECC08C9E}.Debug|Any CPU.ActiveCfg = Debug|Any CPU
		{0E0A0521-AF60-4604-BFF8-ECD6ECC08C9E}.Debug|Any CPU.Build.0 = Debug|Any CPU
		{0E0A0521-AF60-4604-BFF8-ECD6ECC08C9E}.Release|Any CPU.ActiveCfg = Release|Any CPU
		{0E0A0521-AF60-4604-BFF8-ECD6ECC08C9E}.Release|Any CPU.Build.0 = Release|Any CPU
		{3BB2034A-6AED-41DD-8110-49EF6C85B3FF}.Debug|Any CPU.ActiveCfg = Debug|Any CPU
		{3BB2034A-6AED-41DD-8110-49EF6C85B3FF}.Debug|Any CPU.Build.0 = Debug|Any CPU
		{3BB2034A-6AED-41DD-8110-49EF6C85B3FF}.Release|Any CPU.ActiveCfg = Release|Any CPU
		{3BB2034A-6AED-41DD-8110-49EF6C85B3FF}.Release|Any CPU.Build.0 = Release|Any CPU
		{711AF260-4030-46DD-987A-5D3861B8660D}.Debug|Any CPU.ActiveCfg = Debug|Any CPU
		{711AF260-4030-46DD-987A-5D3861B8660D}.Debug|Any CPU.Build.0 = Debug|Any CPU
		{711AF260-4030-46DD-987A-5D3861B8660D}.Release|Any CPU.ActiveCfg = Release|Any CPU
		{711AF260-4030-46DD-987A-5D3861B8660D}.Release|Any CPU.Build.0 = Release|Any CPU
		{20C285D3-CB22-405B-9D51-B824C7545C54}.Debug|Any CPU.ActiveCfg = Debug|Any CPU
		{20C285D3-CB22-405B-9D51-B824C7545C54}.Debug|Any CPU.Build.0 = Debug|Any CPU
		{20C285D3-CB22-405B-9D51-B824C7545C54}.Release|Any CPU.ActiveCfg = Release|Any CPU
		{20C285D3-CB22-405B-9D51-B824C7545C54}.Release|Any CPU.Build.0 = Release|Any CPU
		{8510144D-A6B7-48F2-AA70-C7127DFCEC37}.Debug|Any CPU.ActiveCfg = Debug|Any CPU
		{8510144D-A6B7-48F2-AA70-C7127DFCEC37}.Debug|Any CPU.Build.0 = Debug|Any CPU
		{8510144D-A6B7-48F2-AA70-C7127DFCEC37}.Release|Any CPU.ActiveCfg = Release|Any CPU
		{8510144D-A6B7-48F2-AA70-C7127DFCEC37}.Release|Any CPU.Build.0 = Release|Any CPU
	EndGlobalSection
	GlobalSection(SolutionProperties) = preSolution
		HideSolutionNode = FALSE
	EndGlobalSection
	GlobalSection(NestedProjects) = preSolution
		{16CF2F81-50DA-4609-9479-0D31DA8E8CFE} = {02702C35-E59C-4675-A924-897B777FE0FE}
		{0BEAAC8E-7B78-42BC-AE63-F2889567D416} = {02702C35-E59C-4675-A924-897B777FE0FE}
		{01C247D7-B08D-498F-9A9B-3C023EA8B6B7} = {02702C35-E59C-4675-A924-897B777FE0FE}
		{F91E6B47-6212-4E85-92E9-07B5CB5D2EF9} = {02702C35-E59C-4675-A924-897B777FE0FE}
		{5F1358F2-0638-4500-9B4A-C00072327798} = {02702C35-E59C-4675-A924-897B777FE0FE}
		{0E0A0521-AF60-4604-BFF8-ECD6ECC08C9E} = {7226656A-96A6-44BA-9235-7FCEFBBB9420}
		{3BB2034A-6AED-41DD-8110-49EF6C85B3FF} = {7226656A-96A6-44BA-9235-7FCEFBBB9420}
		{711AF260-4030-46DD-987A-5D3861B8660D} = {7226656A-96A6-44BA-9235-7FCEFBBB9420}
		{20C285D3-CB22-405B-9D51-B824C7545C54} = {7226656A-96A6-44BA-9235-7FCEFBBB9420}
		{8510144D-A6B7-48F2-AA70-C7127DFCEC37} = {7226656A-96A6-44BA-9235-7FCEFBBB9420}
	EndGlobalSection
	GlobalSection(ExtensibilityGlobals) = postSolution
		SolutionGuid = {84F4E8D9-B7A6-4465-A6E0-487B660A7CB4}
	EndGlobalSection
EndGlobal
